
Microsoft Visual Studio Solution File, Format Version 12.00
# Visual Studio 2012
Project("{FAE04EC0-301F-11D3-BF4B-00C04F79EFBC}") = "SerialPortW", "SerialPortW\SerialPortW.csproj", "{4726341A-C5DE-401D-A2C4-619E42DBAEB4}"
EndProject
Global
	GlobalSection(SolutionConfigurationPlatforms) = preSolution
		Debug|Any CPU = Debug|Any CPU
		Release|Any CPU = Release|Any CPU
	EndGlobalSection
	GlobalSection(ProjectConfigurationPlatforms) = postSolution
		{4726341A-C5DE-401D-A2C4-619E42DBAEB4}.Debug|Any CPU.ActiveCfg = Debug|Any CPU
		{4726341A-C5DE-401D-A2C4-619E42DBAEB4}.Debug|Any CPU.Build.0 = Debug|Any CPU
		{4726341A-C5DE-401D-A2C4-619E42DBAEB4}.Release|Any CPU.ActiveCfg = Release|Any CPU
		{4726341A-C5DE-401D-A2C4-619E42DBAEB4}.Release|Any CPU.Build.0 = Release|Any CPU
	EndGlobalSection
	GlobalSection(SolutionProperties) = preSolution
		HideSolutionNode = FALSE
	EndGlobalSection
EndGlobal
